
Microsoft Visual Studio Solution File, Format Version 12.00
# Visual Studio Version 17
VisualStudioVersion = 17.7.34031.279
MinimumVisualStudioVersion = 10.0.40219.1
Project("{FAE04EC0-301F-11D3-BF4B-00C04F79EFBC}") = "Lab_Advanced_Command", "Lab_Advanced_Command\Lab_Advanced_Command.csproj", "{437FBD35-089F-4FC8-8724-BF221B91073A}"
EndProject
Global
	GlobalSection(SolutionConfigurationPlatforms) = preSolution
		Debug|Any CPU = Debug|Any CPU
		Release|Any CPU = Release|Any CPU
	EndGlobalSection
	GlobalSection(ProjectConfigurationPlatforms) = postSolution
		{437FBD35-089F-4FC8-8724-BF221B91073A}.Debug|Any CPU.ActiveCfg = Debug|Any CPU
		{437FBD35-089F-4FC8-8724-BF221B91073A}.Debug|Any CPU.Build.0 = Debug|Any CPU
		{437FBD35-089F-4FC8-8724-BF221B91073A}.Release|Any CPU.ActiveCfg = Release|Any CPU
		{437FBD35-089F-4FC8-8724-BF221B91073A}.Release|Any CPU.Build.0 = Release|Any CPU
	EndGlobalSection
	GlobalSection(SolutionProperties) = preSolution
		HideSolutionNode = FALSE
	EndGlobalSection
	GlobalSection(ExtensibilityGlobals) = postSolution
		SolutionGuid = {167D941D-14C6-4623-9D59-D58FF9E90F84}
	EndGlobalSection
EndGlobal
