
Microsoft Visual Studio Solution File, Format Version 12.00
# Visual Studio Version 17
VisualStudioVersion = 17.7.34031.279
MinimumVisualStudioVersion = 10.0.40219.1
Project("{FAE04EC0-301F-11D3-BF4B-00C04F79EFBC}") = "BTThietKeForm", "BTThietKeForm\BTThietKeForm.csproj", "{0CA1B676-DB1D-40AF-B423-619CADEFED40}"
EndProject
Project("{FAE04EC0-301F-11D3-BF4B-00C04F79EFBC}") = "BaiTapWindownform", "BaiTapWindownform\BaiTapWindownform.csproj", "{C65C88EF-38D0-45A9-8933-66E43AE4411E}"
EndProject
Global
	GlobalSection(SolutionConfigurationPlatforms) = preSolution
		Debug|Any CPU = Debug|Any CPU
		Release|Any CPU = Release|Any CPU
	EndGlobalSection
	GlobalSection(ProjectConfigurationPlatforms) = postSolution
		{0CA1B676-DB1D-40AF-B423-619CADEFED40}.Debug|Any CPU.ActiveCfg = Debug|Any CPU
		{0CA1B676-DB1D-40AF-B423-619CADEFED40}.Debug|Any CPU.Build.0 = Debug|Any CPU
		{0CA1B676-DB1D-40AF-B423-619CADEFED40}.Release|Any CPU.ActiveCfg = Release|Any CPU
		{0CA1B676-DB1D-40AF-B423-619CADEFED40}.Release|Any CPU.Build.0 = Release|Any CPU
		{C65C88EF-38D0-45A9-8933-66E43AE4411E}.Debug|Any CPU.ActiveCfg = Debug|Any CPU
		{C65C88EF-38D0-45A9-8933-66E43AE4411E}.Debug|Any CPU.Build.0 = Debug|Any CPU
		{C65C88EF-38D0-45A9-8933-66E43AE4411E}.Release|Any CPU.ActiveCfg = Release|Any CPU
		{C65C88EF-38D0-45A9-8933-66E43AE4411E}.Release|Any CPU.Build.0 = Release|Any CPU
	EndGlobalSection
	GlobalSection(SolutionProperties) = preSolution
		HideSolutionNode = FALSE
	EndGlobalSection
	GlobalSection(ExtensibilityGlobals) = postSolution
		SolutionGuid = {7E40F6D2-AEA3-4EAB-AF32-11BBAA0433CA}
	EndGlobalSection
EndGlobal
